<?xml version="1.0" encoding="utf-8"?>
<Project ToolsVersion="4.0" xmlns="http://schemas.microsoft.com/developer/msbuild/2003">
  <ItemGroup>
    <Filter Include="Quelldateien">
      <UniqueIdentifier>{4FC737F1-C7A5-4376-A066-2A32D752A2FF}</UniqueIdentifier>
      <Extensions>cpp;c;cc;cxx;def;odl;idl;hpj;bat;asm;asmx</Extensions>
    </Filter>
    <Filter Include="Headerdateien">
      <UniqueIdentifier>{93995380-89BD-4b04-88EB-625FBE52EBFB}</UniqueIdentifier>
      <Extensions>h;hh;hpp;hxx;hm;inl;inc;xsd</Extensions>
    </Filter>
    <Filter Include="Headerdateien\Systems">
      <UniqueIdentifier>{8022208d-41e3-46ec-946d-bbefa46221fd}</UniqueIdentifier>
    </Filter>
    <Filter Include="Headerdateien\Components">
      <UniqueIdentifier>{3f03bd40-14e7-4f6a-be7c-57dd84acbe94}</UniqueIdentifier>
    </Filter>
    <Filter Include="Headerdateien\Other">
      <UniqueIdentifier>{7e7edd7b-5036-41fa-b73e-4272ad3170f9}</UniqueIdentifier>
    </Filter>
    <Filter Include="Headerdateien\GameStates">
      <UniqueIdentifier>{9de7af51-7d36-4f85-abf0-f97ad439180f}</UniqueIdentifier>
    </Filter>
    <Filter Include="Headerdateien\Systems\ChunkSystem">
      <UniqueIdentifier>{ad14a26e-05af-4c7d-b5db-af41b81a5190}</UniqueIdentifier>
    </Filter>
  </ItemGroup>
  <ItemGroup>
    <ClCompile Include="connect.cpp">
      <Filter>Quelldateien</Filter>
    </ClCompile>
    <ClCompile Include="Graphics.cpp">
      <Filter>Quelldateien</Filter>
    </ClCompile>
    <ClCompile Include="Camera.cpp">
      <Filter>Quelldateien</Filter>
    </ClCompile>
    <ClCompile Include="ChunkSystem.cpp">
      <Filter>Quelldateien</Filter>
    </ClCompile>
    <ClCompile Include="GraphicsSystem.cpp">
      <Filter>Quelldateien</Filter>
    </ClCompile>
    <ClCompile Include="Transformation.cpp">
      <Filter>Quelldateien</Filter>
    </ClCompile>
    <ClCompile Include="ChunkGenerator.cpp">
      <Filter>Quelldateien</Filter>
    </ClCompile>
    <ClCompile Include="SpriteBatch.cpp">
      <Filter>Quelldateien</Filter>
    </ClCompile>
    <ClCompile Include="AnimationSystem.cpp">
      <Filter>Quelldateien</Filter>
    </ClCompile>
    <ClCompile Include="AnimationComponent.cpp">
      <Filter>Quelldateien</Filter>
    </ClCompile>
    <ClCompile Include="DefaultGameState.cpp">
      <Filter>Quelldateien</Filter>
    </ClCompile>
    <ClCompile Include="SingleplayerGameState.cpp">
      <Filter>Quelldateien</Filter>
    </ClCompile>
    <ClCompile Include="ConsoleGameState.cpp">
      <Filter>Quelldateien</Filter>
    </ClCompile>
  </ItemGroup>
  <ItemGroup>
    <ClInclude Include="id.h">
      <Filter>Headerdateien</Filter>
    </ClInclude>
    <ClInclude Include="stdafx.h">
      <Filter>Headerdateien</Filter>
    </ClInclude>
    <ClInclude Include="Graphics.h">
      <Filter>Headerdateien\Components</Filter>
    </ClInclude>
    <ClInclude Include="Camera.h">
      <Filter>Headerdateien\Components</Filter>
    </ClInclude>
    <ClInclude Include="Transformation.h">
      <Filter>Headerdateien\Components</Filter>
    </ClInclude>
    <ClInclude Include="ChunkGenerator.h">
      <Filter>Headerdateien\Systems</Filter>
    </ClInclude>
    <ClInclude Include="constants.h">
      <Filter>Headerdateien</Filter>
    </ClInclude>
    <ClInclude Include="GraphicsSystem.h">
      <Filter>Headerdateien\Systems</Filter>
    </ClInclude>
    <ClInclude Include="SpriteBatch.h">
      <Filter>Headerdateien\Other</Filter>
    </ClInclude>
    <ClInclude Include="AnimationSystem.h">
      <Filter>Headerdateien\Systems</Filter>
    </ClInclude>
    <ClInclude Include="AnimationComponent.h">
      <Filter>Headerdateien\Components</Filter>
    </ClInclude>
    <ClInclude Include="DefaultGameState.h">
      <Filter>Headerdateien\GameStates</Filter>
    </ClInclude>
    <ClInclude Include="SingleplayerGameState.h">
      <Filter>Headerdateien\GameStates</Filter>
    </ClInclude>
    <ClInclude Include="ConsoleGameState.h">
      <Filter>Headerdateien\GameStates</Filter>
    </ClInclude>
    <ClInclude Include="ChunkSystem.h">
      <Filter>Headerdateien\Systems\ChunkSystem</Filter>
    </ClInclude>
    <ClInclude Include="Chunk.h">
      <Filter>Headerdateien\Systems\ChunkSystem</Filter>
    </ClInclude>
  </ItemGroup>
</Project>